{
  "version": 4,
  "terraform_version": "1.14.5",
  "serial": 3,
  "lineage": "c15b99d8-a805-b962-e340-c4436fe30670",
  "outputs": {
    "app_service_name": {
      "value": "testing-app",
      "type": "string"
    },
    "app_service_plan_id": {
      "value": "/subscriptions/a66db4d1-4b92-4c2d-830b-341a8c0b5482/resourceGroups/Deployment-Testing-RG/providers/Microsoft.Web/serverFarms/testing-app-plan",
      "type": "string"
    },
    "app_service_plan_name": {
      "value": "testing-app-plan",
      "type": "string"
    },
    "resource_group_name": {
      "value": "Deployment-Testing-RG",
      "type": "string"
    }
  },
  "resources": [
    {
      "mode": "data",
      "type": "azurerm_resource_group",
      "name": "main",
      "provider": "provider[\"registry.terraform.io/hashicorp/azurerm\"]",
      "instances": [
        {
          "schema_version": 0,
          "attributes": {
            "id": "/subscriptions/a66db4d1-4b92-4c2d-830b-341a8c0b5482/resourceGroups/Deployment-Testing-RG",
            "location": "centralindia",
            "managed_by": "",
            "name": "Deployment-Testing-RG",
            "tags": {},
            "timeouts": null
          },
          "sensitive_attributes": [],
          "identity_schema_version": 0
        }
      ]
    },
    {
      "mode": "managed",
      "type": "azurerm_service_plan",
      "name": "main",
      "provider": "provider[\"registry.terraform.io/hashicorp/azurerm\"]",
      "instances": [
        {
          "schema_version": 1,
          "attributes": {
            "app_service_environment_id": "",
            "id": "/subscriptions/a66db4d1-4b92-4c2d-830b-341a8c0b5482/resourceGroups/Deployment-Testing-RG/providers/Microsoft.Web/serverFarms/testing-app-plan",
            "kind": "linux",
            "location": "eastus",
            "maximum_elastic_worker_count": 1,
            "name": "testing-app-plan",
            "os_type": "Linux",
            "per_site_scaling_enabled": false,
            "reserved": true,
            "resource_group_name": "Deployment-Testing-RG",
            "sku_name": "B1",
            "tags": null,
            "timeouts": null,
            "worker_count": 1,
            "zone_balancing_enabled": false
          },
          "sensitive_attributes": [],
          "identity_schema_version": 0,
          "private": "eyJlMmJmYjczMC1lY2FhLTExZTYtOGY4OC0zNDM2M2JjN2M0YzAiOnsiY3JlYXRlIjozNjAwMDAwMDAwMDAwLCJkZWxldGUiOjM2MDAwMDAwMDAwMDAsInJlYWQiOjMwMDAwMDAwMDAwMCwidXBkYXRlIjozNjAwMDAwMDAwMDAwfSwic2NoZW1hX3ZlcnNpb24iOiIxIn0=",
          "dependencies": [
            "data.azurerm_resource_group.main"
          ]
        }
      ]
    }
  ],
  "check_results": null
}
