{
  "version": 4,
  "terraform_version": "1.14.5",
  "serial": 3,
  "lineage": "9c47e43f-0238-fdf7-e5bf-9bfa389aa56e",
  "outputs": {
    "app_service_default_hostname": {
      "value": "deployment-testing-app.azurewebsites.net",
      "type": "string"
    },
    "app_service_id": {
      "value": "/subscriptions/a66db4d1-4b92-4c2d-830b-341a8c0b5482/resourceGroups/Deployment-Testing-RG/providers/Microsoft.Web/sites/deployment-testing-app",
      "type": "string"
    },
    "app_service_location": {
      "value": "centralindia",
      "type": "string"
    },
    "app_service_name": {
      "value": "deployment-testing-app",
      "type": "string"
    },
    "app_service_outbound_ip_addresses": {
      "value": "20.235.201.17,20.235.201.23,20.235.201.31,20.235.201.43,20.235.201.57,20.235.201.58,20.235.200.201,20.235.200.213,20.235.200.216,20.235.200.180,20.235.200.222,20.235.200.230,20.192.171.0",
      "type": "string"
    },
    "app_service_plan_id": {
      "value": "/subscriptions/a66db4d1-4b92-4c2d-830b-341a8c0b5482/resourceGroups/Deployment-Testing-RG/providers/Microsoft.Web/serverFarms/deployment-testing-plan",
      "type": "string"
    },
    "app_service_plan_location": {
      "value": "centralindia",
      "type": "string"
    },
    "app_service_plan_name": {
      "value": "deployment-testing-plan",
      "type": "string"
    },
    "app_service_plan_sku": {
      "value": "B1",
      "type": "string"
    },
    "app_service_possible_outbound_ip_addresses": {
      "value": "20.235.201.17,20.235.201.23,20.235.201.31,20.235.201.43,20.235.201.57,20.235.201.58,20.235.200.201,20.235.200.213,20.235.200.216,20.235.200.180,20.235.200.222,20.235.200.230,20.235.200.235,20.235.200.236,20.235.200.239,20.235.200.245,20.235.200.246,20.235.200.252,20.235.201.1,20.235.201.3,20.235.201.7,20.235.201.13,20.235.200.99,20.235.201.14,20.235.201.63,20.235.201.68,20.235.201.85,20.235.201.91,20.235.201.93,20.235.201.94,20.192.171.0",
      "type": "string"
    },
    "app_service_url": {
      "value": "https://deployment-testing-app.azurewebsites.net",
      "type": "string"
    },
    "resource_group_location": {
      "value": "centralindia",
      "type": "string"
    },
    "resource_group_name": {
      "value": "Deployment-Testing-RG",
      "type": "string"
    }
  },
  "resources": [
    {
      "mode": "data",
      "type": "azurerm_resource_group",
      "name": "main",
      "provider": "provider[\"registry.terraform.io/hashicorp/azurerm\"]",
      "instances": [
        {
          "schema_version": 0,
          "attributes": {
            "id": "/subscriptions/a66db4d1-4b92-4c2d-830b-341a8c0b5482/resourceGroups/Deployment-Testing-RG",
            "location": "centralindia",
            "managed_by": "",
            "name": "Deployment-Testing-RG",
            "tags": {},
            "timeouts": null
          },
          "sensitive_attributes": [],
          "identity_schema_version": 0
        }
      ]
    },
    {
      "mode": "managed",
      "type": "azurerm_linux_web_app",
      "name": "main",
      "provider": "provider[\"registry.terraform.io/hashicorp/azurerm\"]",
      "instances": [
        {
          "schema_version": 1,
          "attributes": {
            "app_settings": null,
            "auth_settings": [],
            "auth_settings_v2": [],
            "backup": [],
            "client_affinity_enabled": false,
            "client_certificate_enabled": false,
            "client_certificate_exclusion_paths": "",
            "client_certificate_mode": "Required",
            "connection_string": [],
            "custom_domain_verification_id": "4A075595D5471677205A92074939E08D3FE7DE285AD120A57613B57289AA5C01",
            "default_hostname": "deployment-testing-app.azurewebsites.net",
            "enabled": true,
            "ftp_publish_basic_authentication_enabled": true,
            "hosting_environment_id": "",
            "https_only": false,
            "id": "/subscriptions/a66db4d1-4b92-4c2d-830b-341a8c0b5482/resourceGroups/Deployment-Testing-RG/providers/Microsoft.Web/sites/deployment-testing-app",
            "identity": [],
            "key_vault_reference_identity_id": "SystemAssigned",
            "kind": "app,linux",
            "location": "centralindia",
            "logs": [],
            "name": "deployment-testing-app",
            "outbound_ip_address_list": [
              "20.235.201.17",
              "20.235.201.23",
              "20.235.201.31",
              "20.235.201.43",
              "20.235.201.57",
              "20.235.201.58",
              "20.235.200.201",
              "20.235.200.213",
              "20.235.200.216",
              "20.235.200.180",
              "20.235.200.222",
              "20.235.200.230",
              "20.192.171.0"
            ],
            "outbound_ip_addresses": "20.235.201.17,20.235.201.23,20.235.201.31,20.235.201.43,20.235.201.57,20.235.201.58,20.235.200.201,20.235.200.213,20.235.200.216,20.235.200.180,20.235.200.222,20.235.200.230,20.192.171.0",
            "possible_outbound_ip_address_list": [
              "20.235.201.17",
              "20.235.201.23",
              "20.235.201.31",
              "20.235.201.43",
              "20.235.201.57",
              "20.235.201.58",
              "20.235.200.201",
              "20.235.200.213",
              "20.235.200.216",
              "20.235.200.180",
              "20.235.200.222",
              "20.235.200.230",
              "20.235.200.235",
              "20.235.200.236",
              "20.235.200.239",
              "20.235.200.245",
              "20.235.200.246",
              "20.235.200.252",
              "20.235.201.1",
              "20.235.201.3",
              "20.235.201.7",
              "20.235.201.13",
              "20.235.200.99",
              "20.235.201.14",
              "20.235.201.63",
              "20.235.201.68",
              "20.235.201.85",
              "20.235.201.91",
              "20.235.201.93",
              "20.235.201.94",
              "20.192.171.0"
            ],
            "possible_outbound_ip_addresses": "20.235.201.17,20.235.201.23,20.235.201.31,20.235.201.43,20.235.201.57,20.235.201.58,20.235.200.201,20.235.200.213,20.235.200.216,20.235.200.180,20.235.200.222,20.235.200.230,20.235.200.235,20.235.200.236,20.235.200.239,20.235.200.245,20.235.200.246,20.235.200.252,20.235.201.1,20.235.201.3,20.235.201.7,20.235.201.13,20.235.200.99,20.235.201.14,20.235.201.63,20.235.201.68,20.235.201.85,20.235.201.91,20.235.201.93,20.235.201.94,20.192.171.0",
            "public_network_access_enabled": true,
            "resource_group_name": "Deployment-Testing-RG",
            "service_plan_id": "/subscriptions/a66db4d1-4b92-4c2d-830b-341a8c0b5482/resourceGroups/Deployment-Testing-RG/providers/Microsoft.Web/serverFarms/deployment-testing-plan",
            "site_config": [
              {
                "always_on": false,
                "api_definition_url": "",
                "api_management_api_id": "",
                "app_command_line": "",
                "application_stack": [
                  {
                    "docker_image": "",
                    "docker_image_name": "",
                    "docker_image_tag": "",
                    "docker_registry_password": "",
                    "docker_registry_url": "",
                    "docker_registry_username": "",
                    "dotnet_version": "",
                    "go_version": "",
                    "java_server": "",
                    "java_server_version": "",
                    "java_version": "",
                    "node_version": "18-lts",
                    "php_version": "",
                    "python_version": "",
                    "ruby_version": ""
                  }
                ],
                "auto_heal_enabled": false,
                "auto_heal_setting": [],
                "container_registry_managed_identity_client_id": "",
                "container_registry_use_managed_identity": false,
                "cors": [],
                "default_documents": [
                  "Default.htm",
                  "Default.html",
                  "Default.asp",
                  "index.htm",
                  "index.html",
                  "iisstart.htm",
                  "default.aspx",
                  "index.php",
                  "hostingstart.html"
                ],
                "detailed_error_logging_enabled": false,
                "ftps_state": "Disabled",
                "health_check_eviction_time_in_min": 0,
                "health_check_path": "",
                "http2_enabled": false,
                "ip_restriction": [],
                "ip_restriction_default_action": "Allow",
                "linux_fx_version": "NODE|18-lts",
                "load_balancing_mode": "LeastRequests",
                "local_mysql_enabled": false,
                "managed_pipeline_mode": "Integrated",
                "minimum_tls_version": "1.2",
                "remote_debugging_enabled": false,
                "remote_debugging_version": "VS2022",
                "scm_ip_restriction": [],
                "scm_ip_restriction_default_action": "Allow",
                "scm_minimum_tls_version": "1.2",
                "scm_type": "None",
                "scm_use_main_ip_restriction": false,
                "use_32_bit_worker": true,
                "vnet_route_all_enabled": false,
                "websockets_enabled": false,
                "worker_count": 1
              }
            ],
            "site_credential": [
              {
                "name": "$deployment-testing-app",
                "password": "ccy2M3bW4dlBT7TM8WCgvfg4rCjf7zgYRZRiSpd5spYcgvYjmeWX02qdayyF"
              }
            ],
            "sticky_settings": [],
            "storage_account": [],
            "tags": null,
            "timeouts": null,
            "virtual_network_subnet_id": "",
            "webdeploy_publish_basic_authentication_enabled": true,
            "zip_deploy_file": ""
          },
          "sensitive_attributes": [
            [
              {
                "type": "get_attr",
                "value": "custom_domain_verification_id"
              }
            ],
            [
              {
                "type": "get_attr",
                "value": "site_config"
              },
              {
                "type": "index",
                "value": {
                  "value": 0,
                  "type": "number"
                }
              },
              {
                "type": "get_attr",
                "value": "application_stack"
              },
              {
                "type": "index",
                "value": {
                  "value": 0,
                  "type": "number"
                }
              },
              {
                "type": "get_attr",
                "value": "docker_registry_password"
              }
            ],
            [
              {
                "type": "get_attr",
                "value": "site_credential"
              }
            ]
          ],
          "identity_schema_version": 0,
          "private": "eyJlMmJmYjczMC1lY2FhLTExZTYtOGY4OC0zNDM2M2JjN2M0YzAiOnsiY3JlYXRlIjoxODAwMDAwMDAwMDAwLCJkZWxldGUiOjE4MDAwMDAwMDAwMDAsInJlYWQiOjMwMDAwMDAwMDAwMCwidXBkYXRlIjoxODAwMDAwMDAwMDAwfSwic2NoZW1hX3ZlcnNpb24iOiIxIn0=",
          "dependencies": [
            "azurerm_service_plan.main",
            "data.azurerm_resource_group.main"
          ]
        }
      ]
    },
    {
      "mode": "managed",
      "type": "azurerm_service_plan",
      "name": "main",
      "provider": "provider[\"registry.terraform.io/hashicorp/azurerm\"]",
      "instances": [
        {
          "schema_version": 1,
          "attributes": {
            "app_service_environment_id": "",
            "id": "/subscriptions/a66db4d1-4b92-4c2d-830b-341a8c0b5482/resourceGroups/Deployment-Testing-RG/providers/Microsoft.Web/serverFarms/deployment-testing-plan",
            "kind": "linux",
            "location": "centralindia",
            "maximum_elastic_worker_count": 1,
            "name": "deployment-testing-plan",
            "os_type": "Linux",
            "per_site_scaling_enabled": false,
            "reserved": true,
            "resource_group_name": "Deployment-Testing-RG",
            "sku_name": "B1",
            "tags": null,
            "timeouts": null,
            "worker_count": 1,
            "zone_balancing_enabled": false
          },
          "sensitive_attributes": [],
          "identity_schema_version": 0,
          "private": "eyJlMmJmYjczMC1lY2FhLTExZTYtOGY4OC0zNDM2M2JjN2M0YzAiOnsiY3JlYXRlIjozNjAwMDAwMDAwMDAwLCJkZWxldGUiOjM2MDAwMDAwMDAwMDAsInJlYWQiOjMwMDAwMDAwMDAwMCwidXBkYXRlIjozNjAwMDAwMDAwMDAwfSwic2NoZW1hX3ZlcnNpb24iOiIxIn0=",
          "dependencies": [
            "data.azurerm_resource_group.main"
          ]
        }
      ]
    }
  ],
  "check_results": null
}
